
Microsoft Visual Studio Solution File, Format Version 12.00
# Visual Studio Version 17
VisualStudioVersion = 17.4.33122.133
MinimumVisualStudioVersion = 10.0.40219.1
Project("{FAE04EC0-301F-11D3-BF4B-00C04F79EFBC}") = "Bank_Forms", "Bank_Forms.csproj", "{2661E752-19F2-43F2-8F8D-000DA46BCD3C}"
EndProject
Global
	GlobalSection(SolutionConfigurationPlatforms) = preSolution
		Debug|Any CPU = Debug|Any CPU
		Release|Any CPU = Release|Any CPU
	EndGlobalSection
	GlobalSection(ProjectConfigurationPlatforms) = postSolution
		{2661E752-19F2-43F2-8F8D-000DA46BCD3C}.Debug|Any CPU.ActiveCfg = Debug|Any CPU
		{2661E752-19F2-43F2-8F8D-000DA46BCD3C}.Debug|Any CPU.Build.0 = Debug|Any CPU
		{2661E752-19F2-43F2-8F8D-000DA46BCD3C}.Release|Any CPU.ActiveCfg = Release|Any CPU
		{2661E752-19F2-43F2-8F8D-000DA46BCD3C}.Release|Any CPU.Build.0 = Release|Any CPU
	EndGlobalSection
	GlobalSection(SolutionProperties) = preSolution
		HideSolutionNode = FALSE
	EndGlobalSection
	GlobalSection(ExtensibilityGlobals) = postSolution
		SolutionGuid = {C81F1F7D-551C-4A7C-8E2E-00AD17137915}
	EndGlobalSection
EndGlobal
